<?xml version="1.0" encoding="utf-8"?>
<Project ToolsVersion="4.0" xmlns="http://schemas.microsoft.com/developer/msbuild/2003">
  <ItemGroup>
    <ClCompile Include="AnimatableObject.cpp" />
    <ClCompile Include="Animations.cpp" />
    <ClCompile Include="CollisionSolver.cpp" />
    <ClCompile Include="Consts.h" />
    <ClCompile Include="Enemy.cpp" />
    <ClCompile Include="GameEvent.cpp" />
    <ClCompile Include="GameObjectBehaviour.cpp" />
    <ClCompile Include="JasonJumpInEvent.cpp" />
    <ClCompile Include="IntroScene.cpp" />
    <ClCompile Include="JasonJumpOutEvent.cpp" />
    <ClCompile Include="JasonSideview.cpp" />
    <ClCompile Include="Portal.cpp" />
    <ClCompile Include="PortalLib.cpp" />
    <ClCompile Include="Ship.cpp" />
    <ClCompile Include="SophiaAnimationSystem.cpp" />
    <ClCompile Include="TileArea.cpp" />
    <ClCompile Include="CustomKeyEvent.cpp" />
    <ClCompile Include="Dome.cpp" />
    <ClCompile Include="Floater.cpp" />
    <ClCompile Include="GameObjectFactory.cpp" />
    <ClCompile Include="Section.cpp" />
    <ClCompile Include="Sophia.cpp" />
    <ClCompile Include="Utils.cpp" />
    <ClCompile Include="Game.cpp" />
    <ClCompile Include="GameObject.cpp" />
    <ClCompile Include="main.cpp" />
    <ClCompile Include="PlayScene.cpp" />
    <ClCompile Include="Scene.cpp" />
    <ClCompile Include="Sprites.cpp" />
    <ClCompile Include="Textures.cpp" />
    <ClCompile Include="WalkInPortalEvent.cpp" />
    <ClCompile Include="Panda.cpp" />
    <ClCompile Include="Mine.cpp" />
    <ClCompile Include="Skull.cpp" />
  </ItemGroup>
  <ItemGroup>
    <ClInclude Include="AnimatableObject.h" />
    <ClInclude Include="Animations.h" />
    <ClInclude Include="CollisionSolver.h" />
    <ClInclude Include="Enemy.h" />
    <ClInclude Include="GameEvent.h" />
    <ClInclude Include="GameObjectBehaviour.h" />
    <ClInclude Include="JasonJumpInEvent.h" />
    <ClInclude Include="IntroScene.h" />
    <ClInclude Include="JasonJumpOutEvent.h" />
    <ClInclude Include="JasonSideview.h" />
    <ClInclude Include="Portal.h" />
    <ClInclude Include="PortalLib.h" />
    <ClInclude Include="Ship.h" />
    <ClInclude Include="SophiaAnimationSystem.h" />
    <ClInclude Include="TileArea.h" />
    <ClInclude Include="CustomKeyEvent.h" />
    <ClInclude Include="Dome.h" />
    <ClInclude Include="Floater.h" />
    <ClInclude Include="GameObjectFactory.h" />
    <ClInclude Include="GameState.h" />
    <ClInclude Include="Section.h" />
    <ClInclude Include="Sophia.h" />
    <ClInclude Include="Utils.h" />
    <ClInclude Include="Game.h" />
    <ClInclude Include="GameObject.h" />
    <ClInclude Include="PlayScene.h" />
    <ClInclude Include="Scene.h" />
    <ClInclude Include="Sprites.h" />
    <ClInclude Include="Textures.h" />
    <ClInclude Include="WalkInPortalEvent.h" />
    <ClInclude Include="Panda.h" />
    <ClInclude Include="Mine.h" />
    <ClInclude Include="Skull.h" />
  </ItemGroup>
</Project>