<?xml version="1.0" encoding="utf-8"?>
<Project ToolsVersion="4.0" xmlns="http://schemas.microsoft.com/developer/msbuild/2003">
  <ItemGroup>
    <ClCompile Include="AnimatableObject.cpp" />
    <ClCompile Include="Animations.cpp" />
    <ClCompile Include="CollisionSolver.cpp" />
    <ClCompile Include="Enemy.cpp" />
    <ClCompile Include="GameEvent.cpp" />
    <ClCompile Include="GameObjectBehaviour.cpp" />
    <ClCompile Include="JasonJumpInEvent.cpp" />
    <ClCompile Include="IntroScene.cpp" />
    <ClCompile Include="JasonJumpOutEvent.cpp" />
    <ClCompile Include="JasonSideview.cpp" />
    <ClCompile Include="Portal.cpp" />
    <ClCompile Include="PortalLib.cpp" />
    <ClCompile Include="Ship.cpp" />
    <ClCompile Include="SophiaAnimationSystem.cpp" />
    <ClCompile Include="TileArea.cpp" />
    <ClCompile Include="CustomKeyEvent.cpp" />
    <ClCompile Include="Dome.cpp" />
    <ClCompile Include="Floater.cpp" />
    <ClCompile Include="GameObjectFactory.cpp" />
    <ClCompile Include="Section.cpp" />
    <ClCompile Include="Sophia.cpp" />
    <ClCompile Include="Utils.cpp" />
    <ClCompile Include="GameObject.cpp" />
    <ClCompile Include="main.cpp" />
    <ClCompile Include="Animations.cpp">
      <Filter>AnimationCore</Filter>
    </ClCompile>
    <ClCompile Include="Textures.cpp">
      <Filter>AnimationCore</Filter>
    </ClCompile>
    <ClCompile Include="Sprites.cpp">
      <Filter>AnimationCore</Filter>
    </ClCompile>
    <ClCompile Include="GameObject.cpp">
      <Filter>GameObjects</Filter>
    </ClCompile>
    <ClCompile Include="Utils.cpp">
      <Filter>Utilities</Filter>
    </ClCompile>
    <ClCompile Include="CustomKeyEvent.cpp">
      <Filter>Utilities</Filter>
    </ClCompile>
    <ClCompile Include="Scene.cpp">
      <Filter>Scenes</Filter>
    </ClCompile>
    <ClCompile Include="PlayScene.cpp">
      <Filter>Scenes</Filter>
    </ClCompile>
    <ClCompile Include="GameObjectFactory.cpp">
      <Filter>GameObjects</Filter>
    </ClCompile>
    <ClCompile Include="Section.cpp">
      <Filter>Scenes</Filter>
    </ClCompile>
    <ClCompile Include="Floater.cpp">
      <Filter>GameObjects</Filter>
    </ClCompile>
    <ClCompile Include="Dome.cpp">
      <Filter>GameObjects</Filter>
    </ClCompile>
    <ClCompile Include="TileArea.cpp">
      <Filter>GameObjects</Filter>
    </ClCompile>
    <ClCompile Include="Game.cpp">
      <Filter>GameManagers</Filter>
    </ClCompile>
    <ClCompile Include="AnimatableObject.cpp">
      <Filter>GameObjects</Filter>
    </ClCompile>
    <ClCompile Include="Enemy.cpp">
      <Filter>GameObjects</Filter>
    </ClCompile>
    <ClCompile Include="Sophia.cpp">
      <Filter>GameObjects</Filter>
    </ClCompile>
    <ClCompile Include="CollisionSolver.cpp">
      <Filter>Utilities</Filter>
    </ClCompile>
    <ClCompile Include="GameEvent.cpp">
      <Filter>GameManagers</Filter>
    </ClCompile>
    <ClCompile Include="GameObjectBehaviour.cpp">
      <Filter>GameObjects</Filter>
    </ClCompile>
    <ClCompile Include="Portal.cpp">
      <Filter>GameObjects</Filter>
    </ClCompile>
    <ClCompile Include="PortalLib.cpp">
      <Filter>GameObjects</Filter>
    </ClCompile>
    <ClCompile Include="Panda.cpp">
      <Filter>GameObjects</Filter>
    </ClCompile>
    <ClCompile Include="JasonJumpOutEvent.cpp">
      <Filter>GameEvents</Filter>
    </ClCompile>
    <ClCompile Include="WalkInPortalEvent.cpp">
      <Filter>GameEvents</Filter>
    </ClCompile>
    <ClCompile Include="JasonSideview.cpp">
      <Filter>GameObjects</Filter>
    </ClCompile>
    <ClCompile Include="Ship.cpp">
      <Filter>GameObjects</Filter>
    </ClCompile>
    <ClCompile Include="SophiaAnimationSystem.cpp">
      <Filter>GameObjects</Filter>
    </ClCompile>
    <ClCompile Include="CreateObjectEvent.cpp" />
    <ClCompile Include="RemoveObjectEvent.cpp" />
    <ClCompile Include="Mine.cpp" />
    <ClCompile Include="EndingScene.cpp" />
    <ClCompile Include="Skull.cpp" />
    <ClCompile Include="Bullet.cpp" />
    <ClCompile Include="Bullet_Sophia.cpp" />
    <ClCompile Include="Explosion.cpp" />
    <ClCompile Include="Game.cpp">
      <Filter>GameManagers</Filter>
    </ClCompile>
    <ClCompile Include="SwitchSceneEvent.cpp" />
    <ClCompile Include="Mine.cpp" />
    <ClCompile Include="EndingScene.cpp" />
    <ClCompile Include="Skull.cpp" />
    <ClCompile Include="Jumper.cpp" />
    <ClCompile Include="Orb.cpp" />
    <ClCompile Include="Timer.cpp" />
    <ClCompile Include="ITimeTrackable.cpp" />
    <ClCompile Include="Bullet_Ship.cpp" />
    <ClCompile Include="Bullet_JasonSideview.cpp" />
    <ClCompile Include="ObjectFlashingEffectPlayer.cpp" />
    <ClCompile Include="Insect.cpp" />
    <ClCompile Include="Bullet_Floater.cpp" />
    <ClCompile Include="Bullet_Mine.cpp" />
    <ClCompile Include="Bullet_Skull.cpp" />
    <ClCompile Include="GameGlobal.cpp">
      <Filter>GameManagers</Filter>
    </ClCompile>
    <ClCompile Include="Bullet_HomingMissile.cpp" />
    <ClCompile Include="Bullet_MultiwarheadMissile.cpp" />
    <ClCompile Include="JasonOverhead.cpp" />
    <ClCompile Include="Bullet_ThunderBreak.cpp" />
    <ClCompile Include="ControlKeys.cpp" />
    <ClCompile Include="Item.cpp" />
    <ClCompile Include="BreakableBlock.cpp" />
    <ClCompile Include="Sound.cpp">
      <Filter>GameManagers</Filter>
    </ClCompile>
  </ItemGroup>
  <ItemGroup>
    <ClInclude Include="Animations.h">
      <Filter>AnimationCore</Filter>
    </ClInclude>
    <ClInclude Include="Sprites.h">
      <Filter>AnimationCore</Filter>
    </ClInclude>
    <ClInclude Include="Textures.h">
      <Filter>AnimationCore</Filter>
    </ClInclude>
    <ClInclude Include="Game.h">
      <Filter>GameManagers</Filter>
    </ClInclude>
    <ClInclude Include="Utils.h">
      <Filter>Utilities</Filter>
    </ClInclude>
    <ClInclude Include="CustomKeyEvent.h">
      <Filter>Utilities</Filter>
    </ClInclude>
    <ClInclude Include="Scene.h">
      <Filter>Scenes</Filter>
    </ClInclude>
    <ClInclude Include="PlayScene.h">
      <Filter>Scenes</Filter>
    </ClInclude>
    <ClInclude Include="GameObjectFactory.h">
      <Filter>GameObjects</Filter>
    </ClInclude>
    <ClInclude Include="Section.h">
      <Filter>Scenes</Filter>
    </ClInclude>
    <ClInclude Include="Floater.h">
      <Filter>GameObjects</Filter>
    </ClInclude>
    <ClInclude Include="Dome.h">
      <Filter>GameObjects</Filter>
    </ClInclude>
    <ClInclude Include="TileArea.h">
      <Filter>GameObjects</Filter>
    </ClInclude>
    <ClInclude Include="GameObject.h">
      <Filter>GameObjects</Filter>
    </ClInclude>
    <ClInclude Include="AnimatableObject.h">
      <Filter>GameObjects</Filter>
    </ClInclude>
    <ClInclude Include="Enemy.h">
      <Filter>GameObjects</Filter>
    </ClInclude>
    <ClInclude Include="Sophia.h">
      <Filter>GameObjects</Filter>
    </ClInclude>
    <ClInclude Include="CollisionSolver.h">
      <Filter>Utilities</Filter>
    </ClInclude>
    <ClInclude Include="GameState.h">
      <Filter>GameManagers</Filter>
    </ClInclude>
    <ClInclude Include="GameEvent.h">
      <Filter>GameManagers</Filter>
    </ClInclude>
    <ClInclude Include="GameObjectBehaviour.h">
      <Filter>GameObjects</Filter>
    </ClInclude>
    <ClInclude Include="Portal.h">
      <Filter>GameObjects</Filter>
    </ClInclude>
    <ClInclude Include="PortalLib.h">
      <Filter>GameObjects</Filter>
    </ClInclude>
    <ClInclude Include="Panda.h">
      <Filter>GameObjects</Filter>
    </ClInclude>
    <ClInclude Include="JasonJumpOutEvent.h">
      <Filter>GameEvents</Filter>
    </ClInclude>
    <ClInclude Include="WalkInPortalEvent.h">
      <Filter>GameEvents</Filter>
    </ClInclude>
    <ClInclude Include="JasonSideview.h">
      <Filter>GameObjects</Filter>
    </ClInclude>
    <ClInclude Include="Ship.h">
      <Filter>GameObjects</Filter>
    </ClInclude>
    <ClInclude Include="SophiaAnimationSystem.h">
      <Filter>GameObjects</Filter>
    </ClInclude>
    <ClInclude Include="CreateObjectEvent.h" />
    <ClInclude Include="RemoveObjectEvent.h" />
    <ClInclude Include="Mine.h" />
    <ClInclude Include="EndingScene.h" />
    <ClInclude Include="JasonJumpInEvent.h" />
    <ClInclude Include="IntroScene.h" />
    <ClInclude Include="Skull.h" />
    <ClInclude Include="Bullet.h" />
    <ClInclude Include="Bullet_Sophia.h" />
    <ClInclude Include="Explosion.h" />
    <ClInclude Include="SwitchSceneEvent.h" />
    <ClInclude Include="Mine.h" />
    <ClInclude Include="EndingScene.h" />
    <ClInclude Include="JasonJumpInEvent.h" />
    <ClInclude Include="IntroScene.h" />
    <ClInclude Include="Skull.h" />
    <ClInclude Include="Jumper.h" />
    <ClInclude Include="Orb.h" />
    <ClInclude Include="Timer.h" />
    <ClInclude Include="ITimeTrackable.h" />
    <ClInclude Include="Bullet_Ship.h" />
    <ClInclude Include="Bullet_JasonSideview.h" />
    <ClInclude Include="ObjectFlashingEffectPlayer.h" />
    <ClInclude Include="Insect.h" />
    <ClInclude Include="Bullet_Floater.h" />
    <ClInclude Include="Bullet_Mine.h" />
    <ClInclude Include="Bullet_Skull.h" />
    <ClInclude Include="GameGlobal.h">
      <Filter>GameManagers</Filter>
    </ClInclude>
    <ClInclude Include="Bullet_HomingMissile.h" />
    <ClInclude Include="Bullet_MultiwarheadMissile.h" />
    <ClInclude Include="JasonOverhead.h" />
    <ClInclude Include="Bullet_ThunderBreak.h" />
    <ClInclude Include="ControlKeys.h" />
    <ClInclude Include="Item.h" />
    <ClInclude Include="BreakableBlock.h" />
    <ClInclude Include="Sound.h">
      <Filter>GameManagers</Filter>
    </ClInclude>
  </ItemGroup>
  <ItemGroup>
    <Filter Include="AnimationCore">
      <UniqueIdentifier>{5e8e09b2-c946-4041-99df-33b73767c5be}</UniqueIdentifier>
    </Filter>
    <Filter Include="GameManagers">
      <UniqueIdentifier>{28e6045e-7aba-497a-917f-0d10788cd93b}</UniqueIdentifier>
    </Filter>
    <Filter Include="GameObjects">
      <UniqueIdentifier>{25febc18-dede-49ab-be38-8c31e48550b9}</UniqueIdentifier>
    </Filter>
    <Filter Include="Utilities">
      <UniqueIdentifier>{4e47022e-2904-4187-bd61-6c3c99113fe4}</UniqueIdentifier>
    </Filter>
    <Filter Include="Scenes">
      <UniqueIdentifier>{3e4fe505-fff7-463f-b1af-e0e83220d906}</UniqueIdentifier>
    </Filter>
    <Filter Include="GameEvents">
      <UniqueIdentifier>{10854e85-0fc8-4edd-9870-195b739c9937}</UniqueIdentifier>
    </Filter>
    <Filter Include="Sound">
      <UniqueIdentifier>{fc0c06c1-e0df-4c76-9f39-eca523dcfe53}</UniqueIdentifier>
    </Filter>
  </ItemGroup>
  <ItemGroup>
    <Media Include="Sound\Blaster Master SFX (32).wav">
      <Filter>Sound</Filter>
    </Media>
    <Media Include="Sound\Blaster Master SFX (33).wav">
      <Filter>Sound</Filter>
    </Media>
    <Media Include="Sound\Blaster Master SFX (35).wav">
      <Filter>Sound</Filter>
    </Media>
    <Media Include="Sound\Blaster Master SFX (37).wav">
      <Filter>Sound</Filter>
    </Media>
    <Media Include="Sound\bullet_explosion.wav">
      <Filter>Sound</Filter>
    </Media>
    <Media Include="Sound\credit.wav">
      <Filter>Sound</Filter>
    </Media>
    <Media Include="Sound\dome_jump.wav">
      <Filter>Sound</Filter>
    </Media>
    <Media Include="Sound\earthquake.wav">
      <Filter>Sound</Filter>
    </Media>
    <Media Include="Sound\enemy_die.wav">
      <Filter>Sound</Filter>
    </Media>
    <Media Include="Sound\enter.wav">
      <Filter>Sound</Filter>
    </Media>
    <Media Include="Sound\entering_boss_scene.wav">
      <Filter>Sound</Filter>
    </Media>
    <Media Include="Sound\fire.wav">
      <Filter>Sound</Filter>
    </Media>
    <Media Include="Sound\insect_fly_down.wav">
      <Filter>Sound</Filter>
    </Media>
    <Media Include="Sound\intro.wav">
      <Filter>Sound</Filter>
    </Media>
    <Media Include="Sound\jason_bullet.wav">
      <Filter>Sound</Filter>
    </Media>
    <Media Include="Sound\jason_die.wav">
      <Filter>Sound</Filter>
    </Media>
    <Media Include="Sound\jason_got_hit.wav">
      <Filter>Sound</Filter>
    </Media>
    <Media Include="Sound\jason_got_hit_overhead.wav">
      <Filter>Sound</Filter>
    </Media>
    <Media Include="Sound\jason_sideview_shoot.wav">
      <Filter>Sound</Filter>
    </Media>
    <Media Include="Sound\JasonJump.wav">
      <Filter>Sound</Filter>
    </Media>
    <Media Include="Sound\jump.wav">
      <Filter>Sound</Filter>
    </Media>
    <Media Include="Sound\lava.wav">
      <Filter>Sound</Filter>
    </Media>
    <Media Include="Sound\man1.wav">
      <Filter>Sound</Filter>
    </Media>
    <Media Include="Sound\mine.wav">
      <Filter>Sound</Filter>
    </Media>
    <Media Include="Sound\multiwarhead.wav">
      <Filter>Sound</Filter>
    </Media>
    <Media Include="Sound\peace.wav">
      <Filter>Sound</Filter>
    </Media>
    <Media Include="Sound\scene_change.wav">
      <Filter>Sound</Filter>
    </Media>
    <Media Include="Sound\skull_bomb.wav">
      <Filter>Sound</Filter>
    </Media>
    <Media Include="Sound\sophia_explosion.wav">
      <Filter>Sound</Filter>
    </Media>
    <Media Include="Sound\sophia_fall_ground.wav">
      <Filter>Sound</Filter>
    </Media>
    <Media Include="Sound\sophia_got_hit.wav">
      <Filter>Sound</Filter>
    </Media>
    <Media Include="Sound\sophia_shoot.wav">
      <Filter>Sound</Filter>
    </Media>
    <Media Include="Sound\swap_player.wav">
      <Filter>Sound</Filter>
    </Media>
    <Media Include="Sound\teleport.wav">
      <Filter>Sound</Filter>
    </Media>
    <Media Include="Sound\teleporter_shoot.wav">
      <Filter>Sound</Filter>
    </Media>
    <Media Include="Sound\thunder.wav">
      <Filter>Sound</Filter>
    </Media>
    <Media Include="Sound\worm_moving.wav">
      <Filter>Sound</Filter>
    </Media>
    <Media Include="Sound\small_pink_bullet_to_wall.wav">
      <Filter>Sound</Filter>
    </Media>
    <Media Include="Sound\area2.wav">
      <Filter>Sound</Filter>
    </Media>
  </ItemGroup>
</Project>